
Microsoft Visual Studio Solution File, Format Version 12.00
# Visual Studio Version 17
VisualStudioVersion = 17.13.35617.110
MinimumVisualStudioVersion = 10.0.40219.1
Project("{FAE04EC0-301F-11D3-BF4B-00C04F79EFBC}") = "OrderApi", "OrderApi\OrderApi.csproj", "{7A17A601-3E40-47B1-848D-5E9468015324}"
EndProject
Global
	GlobalSection(SolutionConfigurationPlatforms) = preSolution
		Debug|Any CPU = Debug|Any CPU
		Release|Any CPU = Release|Any CPU
	EndGlobalSection
	GlobalSection(ProjectConfigurationPlatforms) = postSolution
		{7A17A601-3E40-47B1-848D-5E9468015324}.Debug|Any CPU.ActiveCfg = Debug|Any CPU
		{7A17A601-3E40-47B1-848D-5E9468015324}.Debug|Any CPU.Build.0 = Debug|Any CPU
		{7A17A601-3E40-47B1-848D-5E9468015324}.Release|Any CPU.ActiveCfg = Release|Any CPU
		{7A17A601-3E40-47B1-848D-5E9468015324}.Release|Any CPU.Build.0 = Release|Any CPU
	EndGlobalSection
	GlobalSection(SolutionProperties) = preSolution
		HideSolutionNode = FALSE
	EndGlobalSection
	GlobalSection(ExtensibilityGlobals) = postSolution
		SolutionGuid = {8E80B3B3-164F-4A91-A8A5-AE5F02A65986}
	EndGlobalSection
EndGlobal
